
Microsoft Visual Studio Solution File, Format Version 12.00
# Visual Studio Version 17
VisualStudioVersion = 17.14.36930.0 d17.14
MinimumVisualStudioVersion = 10.0.40219.1
Project("{FAE04EC0-301F-11D3-BF4B-00C04F79EFBC}") = "Stocks", "Stocks\Stocks.csproj", "{7FCB9D36-6ECF-4CD9-81ED-0D41D7793664}"
EndProject
Project("{FAE04EC0-301F-11D3-BF4B-00C04F79EFBC}") = "ServiceContracts", "ServiceContracts\ServiceContracts.csproj", "{D5389203-3BE4-455C-9F07-D5A4CD1432F5}"
EndProject
Project("{FAE04EC0-301F-11D3-BF4B-00C04F79EFBC}") = "Services", "Services\Services.csproj", "{02A29E9A-D8D9-4E77-8A81-49208C75649B}"
EndProject
Global
	GlobalSection(SolutionConfigurationPlatforms) = preSolution
		Debug|Any CPU = Debug|Any CPU
		Release|Any CPU = Release|Any CPU
	EndGlobalSection
	GlobalSection(ProjectConfigurationPlatforms) = postSolution
		{7FCB9D36-6ECF-4CD9-81ED-0D41D7793664}.Debug|Any CPU.ActiveCfg = Debug|Any CPU
		{7FCB9D36-6ECF-4CD9-81ED-0D41D7793664}.Debug|Any CPU.Build.0 = Debug|Any CPU
		{7FCB9D36-6ECF-4CD9-81ED-0D41D7793664}.Release|Any CPU.ActiveCfg = Release|Any CPU
		{7FCB9D36-6ECF-4CD9-81ED-0D41D7793664}.Release|Any CPU.Build.0 = Release|Any CPU
		{D5389203-3BE4-455C-9F07-D5A4CD1432F5}.Debug|Any CPU.ActiveCfg = Debug|Any CPU
		{D5389203-3BE4-455C-9F07-D5A4CD1432F5}.Debug|Any CPU.Build.0 = Debug|Any CPU
		{D5389203-3BE4-455C-9F07-D5A4CD1432F5}.Release|Any CPU.ActiveCfg = Release|Any CPU
		{D5389203-3BE4-455C-9F07-D5A4CD1432F5}.Release|Any CPU.Build.0 = Release|Any CPU
		{02A29E9A-D8D9-4E77-8A81-49208C75649B}.Debug|Any CPU.ActiveCfg = Debug|Any CPU
		{02A29E9A-D8D9-4E77-8A81-49208C75649B}.Debug|Any CPU.Build.0 = Debug|Any CPU
		{02A29E9A-D8D9-4E77-8A81-49208C75649B}.Release|Any CPU.ActiveCfg = Release|Any CPU
		{02A29E9A-D8D9-4E77-8A81-49208C75649B}.Release|Any CPU.Build.0 = Release|Any CPU
	EndGlobalSection
	GlobalSection(SolutionProperties) = preSolution
		HideSolutionNode = FALSE
	EndGlobalSection
	GlobalSection(ExtensibilityGlobals) = postSolution
		SolutionGuid = {807ACFD2-B739-4815-B661-BE6D01EF124C}
	EndGlobalSection
EndGlobal
